# This is a Gradle generated file for dependency locking.
# Manual edits can break the build and are not advised.
# This file is expected to be part of source control.
ai.koog:agents-cli-jvm:1.3.0-beta=compileClasspath,testCompileClasspath,testRuntimeClasspath
ai.koog:agents-cli:1.3.0-beta=compileClasspath,testCompileClasspath,testRuntimeClasspath
ai.koog:agents-core-jvm:1.3.0=compileClasspath,testCompileClasspath,testRuntimeClasspath
ai.koog:agents-core:1.3.0=compileClasspath,testCompileClasspath,testRuntimeClasspath
ai.koog:agents-ext-jvm:1.3.0-beta=compileClasspath,testCompileClasspath,testRuntimeClasspath
ai.koog:agents-ext:1.3.0-beta=compileClasspath,testCompileClasspath,testRuntimeClasspath
ai.koog:agents-features-chat-history-jdbc:1.3.0=compileClasspath,testCompileClasspath,testRuntimeClasspath
ai.koog:agents-features-chat-memory-sql-jvm:1.3.0=compileClasspath,testCompileClasspath,testRuntimeClasspath
ai.koog:agents-features-chat-memory-sql:1.3.0=compileClasspath,testCompileClasspath,testRuntimeClasspath
ai.koog:agents-features-event-handler-jvm:1.3.0=compileClasspath,testCompileClasspath,testRuntimeClasspath
ai.koog:agents-features-event-handler:1.3.0=compileClasspath,testCompileClasspath,testRuntimeClasspath
ai.koog:agents-features-longterm-memory-jvm:1.3.0-beta=compileClasspath,testCompileClasspath,testRuntimeClasspath
ai.koog:agents-features-longterm-memory:1.3.0-beta=compileClasspath,testCompileClasspath,testRuntimeClasspath
ai.koog:agents-features-memory-jvm:1.3.0=compileClasspath,testCompileClasspath,testRuntimeClasspath
ai.koog:agents-features-memory:1.3.0=compileClasspath,testCompileClasspath,testRuntimeClasspath
ai.koog:agents-features-opentelemetry-jvm:1.3.0=compileClasspath,testCompileClasspath,testRuntimeClasspath
ai.koog:agents-features-opentelemetry:1.3.0=compileClasspath,testCompileClasspath,testRuntimeClasspath
ai.koog:agents-features-persistence-jdbc:1.3.0=compileClasspath,testCompileClasspath,testRuntimeClasspath
ai.koog:agents-features-snapshot-jvm:1.3.0=compileClasspath,testCompileClasspath,testRuntimeClasspath
ai.koog:agents-features-snapshot:1.3.0=compileClasspath,testCompileClasspath,testRuntimeClasspath
ai.koog:agents-features-sql-jvm:1.3.0=compileClasspath,testCompileClasspath,testRuntimeClasspath
ai.koog:agents-features-sql:1.3.0=compileClasspath,testCompileClasspath,testRuntimeClasspath
ai.koog:agents-features-tokenizer-jvm:1.3.0=compileClasspath,testCompileClasspath,testRuntimeClasspath
ai.koog:agents-features-tokenizer:1.3.0=compileClasspath,testCompileClasspath,testRuntimeClasspath
ai.koog:agents-features-trace-jvm:1.3.0=compileClasspath,testCompileClasspath,testRuntimeClasspath
ai.koog:agents-features-trace:1.3.0=compileClasspath,testCompileClasspath,testRuntimeClasspath
ai.koog:agents-mcp-metadata-jvm:1.3.0=compileClasspath,testCompileClasspath,testRuntimeClasspath
ai.koog:agents-mcp-metadata:1.3.0=compileClasspath,testCompileClasspath,testRuntimeClasspath
ai.koog:agents-test-jvm:1.3.0=testCompileClasspath,testRuntimeClasspath
ai.koog:agents-test:1.3.0=testCompileClasspath,testRuntimeClasspath
ai.koog:agents-tools-jvm:1.3.0=compileClasspath,testCompileClasspath,testRuntimeClasspath
ai.koog:agents-tools:1.3.0=compileClasspath,testCompileClasspath,testRuntimeClasspath
ai.koog:agents-utils-jvm:1.3.0=compileClasspath,testCompileClasspath,testRuntimeClasspath
ai.koog:agents-utils:1.3.0=compileClasspath,testCompileClasspath,testRuntimeClasspath
ai.koog:embeddings-base-jvm:1.3.0=compileClasspath,testCompileClasspath,testRuntimeClasspath
ai.koog:embeddings-base:1.3.0=compileClasspath,testCompileClasspath,testRuntimeClasspath
ai.koog:embeddings-llm-jvm:1.3.0=compileClasspath,testCompileClasspath,testRuntimeClasspath
ai.koog:embeddings-llm:1.3.0=compileClasspath,testCompileClasspath,testRuntimeClasspath
ai.koog:http-client-core-jvm:1.3.0=compileClasspath,testCompileClasspath,testRuntimeClasspath
ai.koog:http-client-core:1.3.0=compileClasspath,testCompileClasspath,testRuntimeClasspath
ai.koog:http-client-ktor-jvm:1.3.0=compileClasspath,testCompileClasspath,testRuntimeClasspath
ai.koog:http-client-ktor:1.3.0=compileClasspath,testCompileClasspath,testRuntimeClasspath
ai.koog:koog-agents-jvm:1.3.0=compileClasspath,testCompileClasspath,testRuntimeClasspath
ai.koog:koog-agents:1.3.0=compileClasspath,testCompileClasspath,testRuntimeClasspath
ai.koog:prompt-cache-files-jvm:1.3.0=compileClasspath,testCompileClasspath,testRuntimeClasspath
ai.koog:prompt-cache-files:1.3.0=compileClasspath,testCompileClasspath,testRuntimeClasspath
ai.koog:prompt-cache-model-jvm:1.3.0=compileClasspath,testCompileClasspath,testRuntimeClasspath
ai.koog:prompt-cache-model:1.3.0=compileClasspath,testCompileClasspath,testRuntimeClasspath
ai.koog:prompt-executor-anthropic-client-jvm:1.3.0=compileClasspath,testCompileClasspath,testRuntimeClasspath
ai.koog:prompt-executor-anthropic-client:1.3.0=compileClasspath,testCompileClasspath,testRuntimeClasspath
ai.koog:prompt-executor-bedrock-client-jvm:1.3.0=compileClasspath,testCompileClasspath,testRuntimeClasspath
ai.koog:prompt-executor-bedrock-client:1.3.0=compileClasspath,testCompileClasspath,testRuntimeClasspath
ai.koog:prompt-executor-cached-jvm:1.3.0=compileClasspath,testCompileClasspath,testRuntimeClasspath
ai.koog:prompt-executor-cached:1.3.0=compileClasspath,testCompileClasspath,testRuntimeClasspath
ai.koog:prompt-executor-clients-jvm:1.3.0=compileClasspath,testCompileClasspath,testRuntimeClasspath
ai.koog:prompt-executor-clients:1.3.0=compileClasspath,testCompileClasspath,testRuntimeClasspath
ai.koog:prompt-executor-deepseek-client-jvm:1.3.0-beta=compileClasspath,testCompileClasspath,testRuntimeClasspath
ai.koog:prompt-executor-deepseek-client:1.3.0-beta=compileClasspath,testCompileClasspath,testRuntimeClasspath
ai.koog:prompt-executor-google-client-jvm:1.3.0-beta=compileClasspath,testCompileClasspath,testRuntimeClasspath
ai.koog:prompt-executor-google-client:1.3.0-beta=compileClasspath,testCompileClasspath,testRuntimeClasspath
ai.koog:prompt-executor-llms-all-jvm:1.3.0-beta=compileClasspath,testCompileClasspath,testRuntimeClasspath
ai.koog:prompt-executor-llms-all:1.3.0-beta=compileClasspath,testCompileClasspath,testRuntimeClasspath
ai.koog:prompt-executor-mistralai-client-jvm:1.3.0-beta=compileClasspath,testCompileClasspath,testRuntimeClasspath
ai.koog:prompt-executor-mistralai-client:1.3.0-beta=compileClasspath,testCompileClasspath,testRuntimeClasspath
ai.koog:prompt-executor-model-jvm:1.3.0=compileClasspath,testCompileClasspath,testRuntimeClasspath
ai.koog:prompt-executor-model:1.3.0=compileClasspath,testCompileClasspath,testRuntimeClasspath
ai.koog:prompt-executor-ollama-client-jvm:1.3.0=compileClasspath,testCompileClasspath,testRuntimeClasspath
ai.koog:prompt-executor-ollama-client:1.3.0=compileClasspath,testCompileClasspath,testRuntimeClasspath
ai.koog:prompt-executor-openai-client-base-jvm:1.3.0=compileClasspath,testCompileClasspath,testRuntimeClasspath
ai.koog:prompt-executor-openai-client-base:1.3.0=compileClasspath,testCompileClasspath,testRuntimeClasspath
ai.koog:prompt-executor-openai-client-jvm:1.3.0=compileClasspath,testCompileClasspath,testRuntimeClasspath
ai.koog:prompt-executor-openai-client:1.3.0=compileClasspath,testCompileClasspath,testRuntimeClasspath
ai.koog:prompt-executor-openrouter-client-jvm:1.3.0=compileClasspath,testCompileClasspath,testRuntimeClasspath
ai.koog:prompt-executor-openrouter-client:1.3.0=compileClasspath,testCompileClasspath,testRuntimeClasspath
ai.koog:prompt-llm-jvm:1.3.0=compileClasspath,testCompileClasspath,testRuntimeClasspath
ai.koog:prompt-llm:1.3.0=compileClasspath,testCompileClasspath,testRuntimeClasspath
ai.koog:prompt-markdown-jvm:1.3.0=compileClasspath,testCompileClasspath,testRuntimeClasspath
ai.koog:prompt-markdown:1.3.0=compileClasspath,testCompileClasspath,testRuntimeClasspath
ai.koog:prompt-model-jvm:1.3.0=compileClasspath,testCompileClasspath,testRuntimeClasspath
ai.koog:prompt-model:1.3.0=compileClasspath,testCompileClasspath,testRuntimeClasspath
ai.koog:prompt-processor-jvm:1.3.0=compileClasspath,testCompileClasspath,testRuntimeClasspath
ai.koog:prompt-processor:1.3.0=compileClasspath,testCompileClasspath,testRuntimeClasspath
ai.koog:prompt-structure-jvm:1.3.0=compileClasspath,testCompileClasspath,testRuntimeClasspath
ai.koog:prompt-structure:1.3.0=compileClasspath,testCompileClasspath,testRuntimeClasspath
ai.koog:prompt-tokenizer-jvm:1.3.0=compileClasspath,testCompileClasspath,testRuntimeClasspath
ai.koog:prompt-tokenizer:1.3.0=compileClasspath,testCompileClasspath,testRuntimeClasspath
ai.koog:prompt-xml-jvm:1.3.0=compileClasspath,testCompileClasspath,testRuntimeClasspath
ai.koog:prompt-xml:1.3.0=compileClasspath,testCompileClasspath,testRuntimeClasspath
ai.koog:rag-base-jvm:1.3.0=compileClasspath,testCompileClasspath,testRuntimeClasspath
ai.koog:rag-base:1.3.0=compileClasspath,testCompileClasspath,testRuntimeClasspath
ai.koog:serialization-core-jvm:1.3.0=compileClasspath,testCompileClasspath,testRuntimeClasspath
ai.koog:serialization-core:1.3.0=compileClasspath,testCompileClasspath,testRuntimeClasspath
ai.koog:serialization-jackson:1.3.0=testRuntimeClasspath
ai.koog:skills-jvm:1.3.0-beta=compileClasspath,testCompileClasspath,testRuntimeClasspath
ai.koog:skills:1.3.0-beta=compileClasspath,testCompileClasspath,testRuntimeClasspath
ai.koog:utils-jvm:1.3.0=compileClasspath,testCompileClasspath,testRuntimeClasspath
ai.koog:utils:1.3.0=compileClasspath,testCompileClasspath,testRuntimeClasspath
aws.sdk.kotlin:aws-config-jvm:1.6.72=compileClasspath,testCompileClasspath,testRuntimeClasspath
aws.sdk.kotlin:aws-config:1.6.72=compileClasspath,testCompileClasspath,testRuntimeClasspath
aws.sdk.kotlin:aws-core-jvm:1.6.72=compileClasspath,testCompileClasspath,testRuntimeClasspath
aws.sdk.kotlin:aws-core:1.6.72=compileClasspath,testCompileClasspath,testRuntimeClasspath
aws.sdk.kotlin:aws-endpoint-jvm:1.6.72=compileClasspath,testCompileClasspath,testRuntimeClasspath
aws.sdk.kotlin:aws-endpoint:1.6.72=compileClasspath,testCompileClasspath,testRuntimeClasspath
aws.sdk.kotlin:aws-http-jvm:1.6.72=testRuntimeClasspath
aws.sdk.kotlin:aws-http:1.6.72=testRuntimeClasspath
aws.sdk.kotlin:bedrockruntime-jvm:1.6.72=compileClasspath,testCompileClasspath,testRuntimeClasspath
aws.sdk.kotlin:bedrockruntime:1.6.72=compileClasspath,testCompileClasspath,testRuntimeClasspath
aws.smithy.kotlin:aws-credentials-jvm:1.6.12=compileClasspath,testCompileClasspath,testRuntimeClasspath
aws.smithy.kotlin:aws-credentials:1.6.12=compileClasspath,testCompileClasspath,testRuntimeClasspath
aws.smithy.kotlin:aws-event-stream-jvm:1.6.12=testRuntimeClasspath
aws.smithy.kotlin:aws-event-stream:1.6.12=testRuntimeClasspath
aws.smithy.kotlin:aws-json-protocols-jvm:1.6.12=testRuntimeClasspath
aws.smithy.kotlin:aws-json-protocols:1.6.12=testRuntimeClasspath
aws.smithy.kotlin:aws-protocol-core-jvm:1.6.12=testRuntimeClasspath
aws.smithy.kotlin:aws-protocol-core:1.6.12=testRuntimeClasspath
aws.smithy.kotlin:aws-signing-common-jvm:1.6.12=compileClasspath,testCompileClasspath,testRuntimeClasspath
aws.smithy.kotlin:aws-signing-common:1.6.12=compileClasspath,testCompileClasspath,testRuntimeClasspath
aws.smithy.kotlin:aws-signing-default-jvm:1.6.12=testRuntimeClasspath
aws.smithy.kotlin:aws-signing-default:1.6.12=testRuntimeClasspath
aws.smithy.kotlin:aws-xml-protocols-jvm:1.6.12=testRuntimeClasspath
aws.smithy.kotlin:aws-xml-protocols:1.6.12=testRuntimeClasspath
aws.smithy.kotlin:http-auth-api-jvm:1.6.12=compileClasspath,testCompileClasspath,testRuntimeClasspath
aws.smithy.kotlin:http-auth-api:1.6.12=compileClasspath,testCompileClasspath,testRuntimeClasspath
aws.smithy.kotlin:http-auth-aws-jvm:1.6.12=testRuntimeClasspath
aws.smithy.kotlin:http-auth-aws:1.6.12=testRuntimeClasspath
aws.smithy.kotlin:http-auth-jvm:1.6.12=compileClasspath,testCompileClasspath,testRuntimeClasspath
aws.smithy.kotlin:http-auth:1.6.12=compileClasspath,testCompileClasspath,testRuntimeClasspath
aws.smithy.kotlin:http-client-engine-default-jvm:1.6.12=testRuntimeClasspath
aws.smithy.kotlin:http-client-engine-default:1.6.12=testRuntimeClasspath
aws.smithy.kotlin:http-client-engine-okhttp-jvm:1.6.12=testRuntimeClasspath
aws.smithy.kotlin:http-client-engine-okhttp:1.6.12=testRuntimeClasspath
aws.smithy.kotlin:http-client-jvm:1.6.12=compileClasspath,testCompileClasspath,testRuntimeClasspath
aws.smithy.kotlin:http-client:1.6.12=compileClasspath,testCompileClasspath,testRuntimeClasspath
aws.smithy.kotlin:http-jvm:1.6.12=compileClasspath,testCompileClasspath,testRuntimeClasspath
aws.smithy.kotlin:http:1.6.12=compileClasspath,testCompileClasspath,testRuntimeClasspath
aws.smithy.kotlin:identity-api-jvm:1.6.12=compileClasspath,testCompileClasspath,testRuntimeClasspath
aws.smithy.kotlin:identity-api:1.6.12=compileClasspath,testCompileClasspath,testRuntimeClasspath
aws.smithy.kotlin:logging-slf4j2-jvm:1.6.12=testRuntimeClasspath
aws.smithy.kotlin:logging-slf4j2:1.6.12=testRuntimeClasspath
aws.smithy.kotlin:runtime-core-jvm:1.6.12=compileClasspath,testCompileClasspath,testRuntimeClasspath
aws.smithy.kotlin:runtime-core:1.6.12=compileClasspath,testCompileClasspath,testRuntimeClasspath
aws.smithy.kotlin:serde-form-url-jvm:1.6.12=testRuntimeClasspath
aws.smithy.kotlin:serde-form-url:1.6.12=testRuntimeClasspath
aws.smithy.kotlin:serde-json-jvm:1.6.12=testRuntimeClasspath
aws.smithy.kotlin:serde-json:1.6.12=testRuntimeClasspath
aws.smithy.kotlin:serde-jvm:1.6.12=testRuntimeClasspath
aws.smithy.kotlin:serde-xml-jvm:1.6.12=testRuntimeClasspath
aws.smithy.kotlin:serde-xml:1.6.12=testRuntimeClasspath
aws.smithy.kotlin:serde:1.6.12=testRuntimeClasspath
aws.smithy.kotlin:smithy-client-jvm:1.6.12=compileClasspath,testCompileClasspath,testRuntimeClasspath
aws.smithy.kotlin:smithy-client:1.6.12=compileClasspath,testCompileClasspath,testRuntimeClasspath
aws.smithy.kotlin:telemetry-api-jvm:1.6.12=compileClasspath,testCompileClasspath,testRuntimeClasspath
aws.smithy.kotlin:telemetry-api:1.6.12=compileClasspath,testCompileClasspath,testRuntimeClasspath
aws.smithy.kotlin:telemetry-defaults-jvm:1.6.12=testRuntimeClasspath
aws.smithy.kotlin:telemetry-defaults:1.6.12=testRuntimeClasspath
ch.qos.logback:logback-classic:1.3.14=ktlint
ch.qos.logback:logback-classic:1.5.13=testRuntimeClasspath
ch.qos.logback:logback-core:1.3.14=ktlint
ch.qos.logback:logback-core:1.5.13=testRuntimeClasspath
com.fasterxml.jackson.core:jackson-annotations:2.21=testRuntimeClasspath
com.fasterxml.jackson.core:jackson-core:2.21.3=testRuntimeClasspath
com.fasterxml.jackson.core:jackson-databind:2.21.3=testRuntimeClasspath
com.fasterxml.jackson.module:jackson-module-kotlin:2.21.3=testRuntimeClasspath
com.fasterxml.jackson:jackson-bom:2.21.3=testRuntimeClasspath
com.github.ajalt.clikt:clikt-jvm:5.0.2=ktlint
com.github.ajalt.clikt:clikt:5.0.2=ktlint
com.h2database:h2:2.4.240=testCompileClasspath,testRuntimeClasspath
com.pinterest.ktlint:ktlint-cli-reporter-baseline:1.5.0=ktlint
com.pinterest.ktlint:ktlint-cli-reporter-checkstyle:1.5.0=ktlint
com.pinterest.ktlint:ktlint-cli-reporter-core:1.5.0=ktlint
com.pinterest.ktlint:ktlint-cli-reporter-format:1.5.0=ktlint
com.pinterest.ktlint:ktlint-cli-reporter-html:1.5.0=ktlint
com.pinterest.ktlint:ktlint-cli-reporter-json:1.5.0=ktlint
com.pinterest.ktlint:ktlint-cli-reporter-plain-summary:1.5.0=ktlint
com.pinterest.ktlint:ktlint-cli-reporter-plain:1.5.0=ktlint
com.pinterest.ktlint:ktlint-cli-reporter-sarif:1.5.0=ktlint
com.pinterest.ktlint:ktlint-cli-ruleset-core:1.5.0=ktlint,ktlintRuleset
com.pinterest.ktlint:ktlint-cli:1.5.0=ktlint
com.pinterest.ktlint:ktlint-logger:1.5.0=ktlint,ktlintRuleset
com.pinterest.ktlint:ktlint-rule-engine-core:1.5.0=ktlint,ktlintRuleset
com.pinterest.ktlint:ktlint-rule-engine:1.5.0=ktlint
com.pinterest.ktlint:ktlint-ruleset-standard:1.5.0=ktlint,ktlintRuleset
com.squareup.okhttp3:okhttp-coroutines:5.3.2=testRuntimeClasspath
com.squareup.okhttp3:okhttp-jvm:5.3.2=testRuntimeClasspath
com.squareup.okhttp3:okhttp:5.3.2=testRuntimeClasspath
com.squareup.okio:okio-jvm:3.17.0=testRuntimeClasspath
com.squareup.okio:okio:3.17.0=testRuntimeClasspath
com.typesafe:config:1.4.5=compileClasspath,testCompileClasspath,testRuntimeClasspath
com.zaxxer:HikariCP:6.2.1=testRuntimeClasspath
dev.drewhamilton.poko:poko-annotations-jvm:0.18.0=ktlint,ktlintRuleset
dev.drewhamilton.poko:poko-annotations:0.18.0=ktlint,ktlintRuleset
io.github.detekt.sarif4k:sarif4k-jvm:0.6.0=ktlint,ktlintReporter
io.github.detekt.sarif4k:sarif4k:0.6.0=ktlint,ktlintReporter
io.github.oshai:kotlin-logging-jvm:7.0.3=ktlint,ktlintReporter,ktlintRuleset
io.github.oshai:kotlin-logging-jvm:8.0.01=compileClasspath,testCompileClasspath,testRuntimeClasspath
io.github.oshai:kotlin-logging:5.1.0=ktlint,ktlintReporter
io.github.oshai:kotlin-logging:8.0.01=compileClasspath,testCompileClasspath,testRuntimeClasspath
io.ktor:ktor-client-apache5-jvm:3.3.3=compileClasspath,testCompileClasspath,testRuntimeClasspath
io.ktor:ktor-client-apache5:3.3.3=compileClasspath,testCompileClasspath,testRuntimeClasspath
io.ktor:ktor-client-cio-jvm:3.3.3=testRuntimeClasspath
io.ktor:ktor-client-cio:3.3.3=testRuntimeClasspath
io.ktor:ktor-client-content-negotiation-jvm:3.3.3=compileClasspath,testCompileClasspath,testRuntimeClasspath
io.ktor:ktor-client-content-negotiation:3.3.3=compileClasspath,testCompileClasspath,testRuntimeClasspath
io.ktor:ktor-client-core-jvm:3.3.3=compileClasspath,testCompileClasspath,testRuntimeClasspath
io.ktor:ktor-client-core:3.3.3=compileClasspath,testCompileClasspath,testRuntimeClasspath
io.ktor:ktor-client-logging-jvm:3.3.3=compileClasspath,testCompileClasspath,testRuntimeClasspath
io.ktor:ktor-client-logging:3.3.3=compileClasspath,testCompileClasspath,testRuntimeClasspath
io.ktor:ktor-events-jvm:3.3.3=compileClasspath,testCompileClasspath,testRuntimeClasspath
io.ktor:ktor-events:3.3.3=compileClasspath,testCompileClasspath,testRuntimeClasspath
io.ktor:ktor-http-cio-jvm:3.3.3=compileClasspath,testCompileClasspath,testRuntimeClasspath
io.ktor:ktor-http-cio:3.3.3=compileClasspath,testCompileClasspath,testRuntimeClasspath
io.ktor:ktor-http-jvm:3.3.3=compileClasspath,testCompileClasspath,testRuntimeClasspath
io.ktor:ktor-http:3.3.3=compileClasspath,testCompileClasspath,testRuntimeClasspath
io.ktor:ktor-io-jvm:3.3.3=compileClasspath,testCompileClasspath,testRuntimeClasspath
io.ktor:ktor-io:3.3.3=compileClasspath,testCompileClasspath,testRuntimeClasspath
io.ktor:ktor-network-jvm:3.3.3=compileClasspath,testCompileClasspath,testRuntimeClasspath
io.ktor:ktor-network-tls-jvm:3.3.3=testRuntimeClasspath
io.ktor:ktor-network-tls:3.3.3=testRuntimeClasspath
io.ktor:ktor-network:3.3.3=compileClasspath,testCompileClasspath,testRuntimeClasspath
io.ktor:ktor-serialization-jvm:3.3.3=compileClasspath,testCompileClasspath,testRuntimeClasspath
io.ktor:ktor-serialization-kotlinx-json-jvm:3.3.3=compileClasspath,testCompileClasspath,testRuntimeClasspath
io.ktor:ktor-serialization-kotlinx-json:3.3.3=compileClasspath,testCompileClasspath,testRuntimeClasspath
io.ktor:ktor-serialization-kotlinx-jvm:3.3.3=compileClasspath,testCompileClasspath,testRuntimeClasspath
io.ktor:ktor-serialization-kotlinx:3.3.3=compileClasspath,testCompileClasspath,testRuntimeClasspath
io.ktor:ktor-serialization:3.3.3=compileClasspath,testCompileClasspath,testRuntimeClasspath
io.ktor:ktor-server-cio-jvm:3.3.3=compileClasspath,testCompileClasspath,testRuntimeClasspath
io.ktor:ktor-server-cio:3.3.3=compileClasspath,testCompileClasspath,testRuntimeClasspath
io.ktor:ktor-server-core-jvm:3.3.3=compileClasspath,testCompileClasspath,testRuntimeClasspath
io.ktor:ktor-server-core:3.3.3=compileClasspath,testCompileClasspath,testRuntimeClasspath
io.ktor:ktor-server-sse-jvm:3.3.3=compileClasspath,testCompileClasspath,testRuntimeClasspath
io.ktor:ktor-server-sse:3.3.3=compileClasspath,testCompileClasspath,testRuntimeClasspath
io.ktor:ktor-sse-jvm:3.3.3=compileClasspath,testCompileClasspath,testRuntimeClasspath
io.ktor:ktor-sse:3.3.3=compileClasspath,testCompileClasspath,testRuntimeClasspath
io.ktor:ktor-utils-jvm:3.3.3=compileClasspath,testCompileClasspath,testRuntimeClasspath
io.ktor:ktor-utils:3.3.3=compileClasspath,testCompileClasspath,testRuntimeClasspath
io.ktor:ktor-websocket-serialization-jvm:3.3.3=compileClasspath,testCompileClasspath,testRuntimeClasspath
io.ktor:ktor-websocket-serialization:3.3.3=compileClasspath,testCompileClasspath,testRuntimeClasspath
io.ktor:ktor-websockets-jvm:3.3.3=compileClasspath,testCompileClasspath,testRuntimeClasspath
io.ktor:ktor-websockets:3.3.3=compileClasspath,testCompileClasspath,testRuntimeClasspath
io.opentelemetry.kotlin:api-ext-jvm:0.3.0=compileClasspath,testCompileClasspath,testRuntimeClasspath
io.opentelemetry.kotlin:api-ext:0.3.0=compileClasspath,testCompileClasspath,testRuntimeClasspath
io.opentelemetry.kotlin:api-jvm:0.3.0=compileClasspath,testCompileClasspath,testRuntimeClasspath
io.opentelemetry.kotlin:api:0.3.0=compileClasspath,testCompileClasspath,testRuntimeClasspath
io.opentelemetry.kotlin:compat-jvm:0.3.0=compileClasspath,testCompileClasspath,testRuntimeClasspath
io.opentelemetry.kotlin:compat:0.3.0=compileClasspath,testCompileClasspath,testRuntimeClasspath
io.opentelemetry.kotlin:core-jvm:0.3.0=compileClasspath,testCompileClasspath,testRuntimeClasspath
io.opentelemetry.kotlin:core:0.3.0=compileClasspath,testCompileClasspath,testRuntimeClasspath
io.opentelemetry.kotlin:exporters-core-jvm:0.3.0=compileClasspath,testCompileClasspath,testRuntimeClasspath
io.opentelemetry.kotlin:exporters-core:0.3.0=compileClasspath,testCompileClasspath,testRuntimeClasspath
io.opentelemetry.kotlin:implementation-jvm:0.3.0=compileClasspath,testCompileClasspath,testRuntimeClasspath
io.opentelemetry.kotlin:implementation:0.3.0=compileClasspath,testCompileClasspath,testRuntimeClasspath
io.opentelemetry.kotlin:java-typealiases-jvm:0.3.0=testRuntimeClasspath
io.opentelemetry.kotlin:java-typealiases:0.3.0=testRuntimeClasspath
io.opentelemetry.kotlin:model-jvm:0.3.0=testRuntimeClasspath
io.opentelemetry.kotlin:model:0.3.0=testRuntimeClasspath
io.opentelemetry.kotlin:noop-jvm:0.3.0=compileClasspath,testCompileClasspath,testRuntimeClasspath
io.opentelemetry.kotlin:noop:0.3.0=compileClasspath,testCompileClasspath,testRuntimeClasspath
io.opentelemetry.kotlin:platform-implementations-jvm:0.3.0=testRuntimeClasspath
io.opentelemetry.kotlin:platform-implementations:0.3.0=testRuntimeClasspath
io.opentelemetry.kotlin:sdk-api-jvm:0.3.0=compileClasspath,testCompileClasspath,testRuntimeClasspath
io.opentelemetry.kotlin:sdk-api:0.3.0=compileClasspath,testCompileClasspath,testRuntimeClasspath
io.opentelemetry.kotlin:sdk-common-jvm:0.3.0=testRuntimeClasspath
io.opentelemetry.kotlin:sdk-common:0.3.0=testRuntimeClasspath
io.opentelemetry.kotlin:semconv-jvm:0.3.0=compileClasspath,testCompileClasspath,testRuntimeClasspath
io.opentelemetry.kotlin:semconv:0.3.0=compileClasspath,testCompileClasspath,testRuntimeClasspath
io.opentelemetry:opentelemetry-api:1.61.0=compileClasspath,testCompileClasspath,testRuntimeClasspath
io.opentelemetry:opentelemetry-bom:1.61.0=compileClasspath,testCompileClasspath,testRuntimeClasspath
io.opentelemetry:opentelemetry-common:1.61.0=compileClasspath,testCompileClasspath,testRuntimeClasspath
io.opentelemetry:opentelemetry-context:1.61.0=compileClasspath,testCompileClasspath,testRuntimeClasspath
io.opentelemetry:opentelemetry-sdk-common:1.61.0=compileClasspath,testCompileClasspath,testRuntimeClasspath
io.opentelemetry:opentelemetry-sdk-logs:1.61.0=compileClasspath,testCompileClasspath,testRuntimeClasspath
io.opentelemetry:opentelemetry-sdk-metrics:1.61.0=compileClasspath,testCompileClasspath,testRuntimeClasspath
io.opentelemetry:opentelemetry-sdk-trace:1.61.0=compileClasspath,testCompileClasspath,testRuntimeClasspath
io.opentelemetry:opentelemetry-sdk:1.61.0=compileClasspath,testCompileClasspath,testRuntimeClasspath
org.apache.httpcomponents.client5:httpclient5:5.5.1=compileClasspath,testCompileClasspath,testRuntimeClasspath
org.apache.httpcomponents.core5:httpcore5-h2:5.3.6=compileClasspath,testCompileClasspath,testRuntimeClasspath
org.apache.httpcomponents.core5:httpcore5:5.3.6=compileClasspath,testCompileClasspath,testRuntimeClasspath
org.apiguardian:apiguardian-api:1.1.2=testCompileClasspath
org.checkerframework:checker-qual:3.52.0=testRuntimeClasspath
org.ec4j.core:ec4j-core:1.1.0=ktlint,ktlintRuleset
org.fusesource.jansi:jansi:2.4.2=testRuntimeClasspath
org.jetbrains.exposed:exposed-core:0.61.0=compileClasspath,testCompileClasspath,testRuntimeClasspath
org.jetbrains.exposed:exposed-dao:0.61.0=compileClasspath,testCompileClasspath,testRuntimeClasspath
org.jetbrains.exposed:exposed-jdbc:0.61.0=compileClasspath,testCompileClasspath,testRuntimeClasspath
org.jetbrains.exposed:exposed-json:0.61.0=compileClasspath,testCompileClasspath,testRuntimeClasspath
org.jetbrains.exposed:exposed-kotlin-datetime:0.61.0=compileClasspath,testCompileClasspath,testRuntimeClasspath
org.jetbrains.intellij.deps:trove4j:1.0.20200330=ktlint,ktlintRuleset
org.jetbrains.kotlin:kotlin-bom:2.3.10=testRuntimeClasspath
org.jetbrains.kotlin:kotlin-build-tools-api:2.3.10=kotlinBuildToolsApiClasspath
org.jetbrains.kotlin:kotlin-build-tools-compat:2.3.10=kotlinBuildToolsApiClasspath
org.jetbrains.kotlin:kotlin-build-tools-impl:2.3.10=kotlinBuildToolsApiClasspath
org.jetbrains.kotlin:kotlin-compiler-embeddable:2.1.0=ktlint,ktlintRuleset
org.jetbrains.kotlin:kotlin-compiler-embeddable:2.3.10=kotlinBuildToolsApiClasspath,kotlinCompilerClasspath
org.jetbrains.kotlin:kotlin-compiler-runner:2.3.10=kotlinBuildToolsApiClasspath
org.jetbrains.kotlin:kotlin-daemon-client:2.3.10=kotlinBuildToolsApiClasspath
org.jetbrains.kotlin:kotlin-daemon-embeddable:2.1.0=ktlint,ktlintRuleset
org.jetbrains.kotlin:kotlin-daemon-embeddable:2.3.10=kotlinBuildToolsApiClasspath,kotlinCompilerClasspath
org.jetbrains.kotlin:kotlin-reflect:1.6.10=kotlinBuildToolsApiClasspath,kotlinCompilerClasspath,ktlint,ktlintRuleset
org.jetbrains.kotlin:kotlin-reflect:2.3.10=compileClasspath,testCompileClasspath,testRuntimeClasspath
org.jetbrains.kotlin:kotlin-script-runtime:2.1.0=ktlint,ktlintRuleset
org.jetbrains.kotlin:kotlin-script-runtime:2.3.10=kotlinBuildToolsApiClasspath,kotlinCompilerClasspath,kotlinCompilerPluginClasspathMain,kotlinCompilerPluginClasspathTest
org.jetbrains.kotlin:kotlin-scripting-common:2.3.10=kotlinCompilerPluginClasspathMain,kotlinCompilerPluginClasspathTest
org.jetbrains.kotlin:kotlin-scripting-compiler-embeddable:2.3.10=kotlinCompilerPluginClasspathMain,kotlinCompilerPluginClasspathTest
org.jetbrains.kotlin:kotlin-scripting-compiler-impl-embeddable:2.3.10=kotlinCompilerPluginClasspathMain,kotlinCompilerPluginClasspathTest
org.jetbrains.kotlin:kotlin-scripting-jvm:2.3.10=kotlinCompilerPluginClasspathMain,kotlinCompilerPluginClasspathTest
org.jetbrains.kotlin:kotlin-serialization-compiler-plugin-embeddable:2.3.10=kotlinCompilerPluginClasspathMain,kotlinCompilerPluginClasspathTest
org.jetbrains.kotlin:kotlin-stdlib-common:2.1.0=ktlintReporter
org.jetbrains.kotlin:kotlin-stdlib-jdk7:1.8.0=ktlintReporter
org.jetbrains.kotlin:kotlin-stdlib-jdk8:1.8.0=ktlintReporter
org.jetbrains.kotlin:kotlin-stdlib:2.1.0=ktlint,ktlintReporter,ktlintRuleset
org.jetbrains.kotlin:kotlin-stdlib:2.3.10=kotlinBuildToolsApiClasspath,kotlinCompilerClasspath,kotlinCompilerPluginClasspathMain,kotlinCompilerPluginClasspathTest
org.jetbrains.kotlin:kotlin-stdlib:2.3.21=compileClasspath,testCompileClasspath,testRuntimeClasspath
org.jetbrains.kotlin:kotlin-test-junit5:2.3.10=testCompileClasspath,testRuntimeClasspath
org.jetbrains.kotlin:kotlin-test:2.3.10=testCompileClasspath,testRuntimeClasspath
org.jetbrains.kotlin:kotlin-tooling-core:2.3.10=kotlinBuildToolsApiClasspath
org.jetbrains.kotlinx:kotlinx-coroutines-bom:1.10.2=compileClasspath,testCompileClasspath,testRuntimeClasspath
org.jetbrains.kotlinx:kotlinx-coroutines-core-jvm:1.10.2=compileClasspath,testCompileClasspath,testRuntimeClasspath
org.jetbrains.kotlinx:kotlinx-coroutines-core-jvm:1.6.4=ktlint,ktlintRuleset
org.jetbrains.kotlinx:kotlinx-coroutines-core-jvm:1.8.0=kotlinBuildToolsApiClasspath,kotlinCompilerClasspath
org.jetbrains.kotlinx:kotlinx-coroutines-core:1.10.2=compileClasspath,testCompileClasspath,testRuntimeClasspath
org.jetbrains.kotlinx:kotlinx-coroutines-jdk9:1.10.2=compileClasspath,testCompileClasspath,testRuntimeClasspath
org.jetbrains.kotlinx:kotlinx-coroutines-reactive:1.10.2=testRuntimeClasspath
org.jetbrains.kotlinx:kotlinx-coroutines-slf4j:1.10.2=compileClasspath,testCompileClasspath,testRuntimeClasspath
org.jetbrains.kotlinx:kotlinx-datetime-jvm:0.6.2=compileClasspath,testCompileClasspath
org.jetbrains.kotlinx:kotlinx-datetime-jvm:0.7.1=testRuntimeClasspath
org.jetbrains.kotlinx:kotlinx-datetime:0.7.1=testRuntimeClasspath
org.jetbrains.kotlinx:kotlinx-io-bytestring-jvm:0.9.0=compileClasspath,testCompileClasspath,testRuntimeClasspath
org.jetbrains.kotlinx:kotlinx-io-bytestring:0.9.0=compileClasspath,testCompileClasspath,testRuntimeClasspath
org.jetbrains.kotlinx:kotlinx-io-core-jvm:0.9.0=compileClasspath,testCompileClasspath,testRuntimeClasspath
org.jetbrains.kotlinx:kotlinx-io-core:0.9.0=compileClasspath,testCompileClasspath,testRuntimeClasspath
org.jetbrains.kotlinx:kotlinx-schema-annotations-jvm:0.4.4=compileClasspath,testCompileClasspath,testRuntimeClasspath
org.jetbrains.kotlinx:kotlinx-schema-annotations:0.4.4=compileClasspath,testCompileClasspath,testRuntimeClasspath
org.jetbrains.kotlinx:kotlinx-schema-generator-core-jvm:0.4.4=compileClasspath,testCompileClasspath,testRuntimeClasspath
org.jetbrains.kotlinx:kotlinx-schema-generator-core:0.4.4=compileClasspath,testCompileClasspath,testRuntimeClasspath
org.jetbrains.kotlinx:kotlinx-schema-generator-json-jvm:0.4.4=compileClasspath,testCompileClasspath,testRuntimeClasspath
org.jetbrains.kotlinx:kotlinx-schema-generator-json:0.4.4=compileClasspath,testCompileClasspath,testRuntimeClasspath
org.jetbrains.kotlinx:kotlinx-schema-json-jvm:0.4.4=compileClasspath,testCompileClasspath,testRuntimeClasspath
org.jetbrains.kotlinx:kotlinx-schema-json:0.4.4=compileClasspath,testCompileClasspath,testRuntimeClasspath
org.jetbrains.kotlinx:kotlinx-serialization-bom:1.10.0=compileClasspath,testCompileClasspath,testRuntimeClasspath
org.jetbrains.kotlinx:kotlinx-serialization-core-jvm:1.10.0=compileClasspath,testCompileClasspath,testRuntimeClasspath
org.jetbrains.kotlinx:kotlinx-serialization-core-jvm:1.4.1=ktlintReporter
org.jetbrains.kotlinx:kotlinx-serialization-core:1.10.0=compileClasspath,testCompileClasspath,testRuntimeClasspath
org.jetbrains.kotlinx:kotlinx-serialization-core:1.4.1=ktlintReporter
org.jetbrains.kotlinx:kotlinx-serialization-json-io-jvm:1.10.0=compileClasspath,testCompileClasspath,testRuntimeClasspath
org.jetbrains.kotlinx:kotlinx-serialization-json-io:1.10.0=compileClasspath,testCompileClasspath,testRuntimeClasspath
org.jetbrains.kotlinx:kotlinx-serialization-json-jvm:1.10.0=compileClasspath,testCompileClasspath,testRuntimeClasspath
org.jetbrains.kotlinx:kotlinx-serialization-json-jvm:1.4.1=ktlintReporter
org.jetbrains.kotlinx:kotlinx-serialization-json:1.10.0=compileClasspath,testCompileClasspath,testRuntimeClasspath
org.jetbrains.kotlinx:kotlinx-serialization-json:1.4.1=ktlintReporter
org.jetbrains:annotations:13.0=kotlinBuildToolsApiClasspath,kotlinCompilerClasspath,kotlinCompilerPluginClasspathMain,kotlinCompilerPluginClasspathTest,ktlint,ktlintReporter,ktlintRuleset
org.jetbrains:annotations:26.0.2-1=compileClasspath,testCompileClasspath,testRuntimeClasspath
org.junit.jupiter:junit-jupiter-api:5.10.1=testCompileClasspath,testRuntimeClasspath
org.junit.jupiter:junit-jupiter-engine:5.10.1=testRuntimeClasspath
org.junit.platform:junit-platform-commons:1.10.1=testCompileClasspath,testRuntimeClasspath
org.junit.platform:junit-platform-engine:1.10.1=testRuntimeClasspath
org.junit.platform:junit-platform-launcher:1.10.1=testRuntimeClasspath
org.junit:junit-bom:5.10.1=testCompileClasspath,testRuntimeClasspath
org.opentest4j:opentest4j:1.3.0=testCompileClasspath,testRuntimeClasspath
org.postgresql:postgresql:42.7.10=compileClasspath,testCompileClasspath,testRuntimeClasspath
org.reactivestreams:reactive-streams:1.0.3=testRuntimeClasspath
org.slf4j:slf4j-api:2.0.17=compileClasspath,testCompileClasspath,testRuntimeClasspath
org.slf4j:slf4j-api:2.0.7=ktlint
empty=kotlinScriptDefExtensions,testKotlinScriptDefExtensions
